PODS:
  - device_info (0.0.1):
    - Flutter
  - Flutter (1.0.0)
  - imei_plugin (0.0.1):
    - Flutter
  - unique_identifier (0.0.1):
    - Flutter
  - webview_flutter (0.0.1):
    - Flutter

DEPENDENCIES:
  - device_info (from `.symlinks/plugins/device_info/ios`)
  - Flutter (from `.symlinks/flutter/ios`)
  - imei_plugin (from `.symlinks/plugins/imei_plugin/ios`)
  - unique_identifier (from `.symlinks/plugins/unique_identifier/ios`)
  - webview_flutter (from `.symlinks/plugins/webview_flutter/ios`)

EXTERNAL SOURCES:
  device_info:
    :path: ".symlinks/plugins/device_info/ios"
  Flutter:
    :path: ".symlinks/flutter/ios"
  imei_plugin:
    :path: ".symlinks/plugins/imei_plugin/ios"
  unique_identifier:
    :path: ".symlinks/plugins/unique_identifier/ios"
  webview_flutter:
    :path: ".symlinks/plugins/webview_flutter/ios"

SPEC CHECKSUMS:
  device_info: d7d233b645a32c40dfdc212de5cf646ca482f175
  Flutter: 0e3d915762c693b495b44d77113d4970485de6ec
  imei_plugin: cb1af7c223ac2d82dcd1457a7137d93d65d2a3cd
  unique_identifier: ebb92b4bc4ad9c2c93f85cb5e02f70ad168a2bd6
  webview_flutter: d2b4d6c66968ad042ad94cbb791f5b72b4678a96

PODFILE CHECKSUM: ebd43b443038e611b86ede96e613bd6033c49497

COCOAPODS: 1.9.3
